// !$*UTF8*$!
{
	archiveVersion = 1;
	classes = {
	};
	objectVersion = 50;
	objects = {

/* Begin PBXBuildFile section */
		041E87652484C50200876EDB /* SubTask+CoreDataClass.swift in Sources */ = {isa = PBXBuildFile; fileRef = 041E87612484C50200876EDB /* SubTask+CoreDataClass.swift */; };
		041E87662484C50200876EDB /* SubTask+CoreDataProperties.swift in Sources */ = {isa = PBXBuildFile; fileRef = 041E87622484C50200876EDB /* SubTask+CoreDataProperties.swift */; };
		041E87672484C50200876EDB /* Task+CoreDataClass.swift in Sources */ = {isa = PBXBuildFile; fileRef = 041E87632484C50200876EDB /* Task+CoreDataClass.swift */; };
		041E87682484C50200876EDB /* Task+CoreDataProperties.swift in Sources */ = {isa = PBXBuildFile; fileRef = 041E87642484C50200876EDB /* Task+CoreDataProperties.swift */; };
		041E876A2484C79F00876EDB /* Repository.swift in Sources */ = {isa = PBXBuildFile; fileRef = 041E87692484C79F00876EDB /* Repository.swift */; };
		041E876C2484C88900876EDB /* LocalTasksRepository.swift in Sources */ = {isa = PBXBuildFile; fileRef = 041E876B2484C88900876EDB /* LocalTasksRepository.swift */; };
		041E876E2484D7C900876EDB /* LocalSubTasksRepository.swift in Sources */ = {isa = PBXBuildFile; fileRef = 041E876D2484D7C900876EDB /* LocalSubTasksRepository.swift */; };
		044254182480D09800ED4C72 /* Router.swift in Sources */ = {isa = PBXBuildFile; fileRef = 044254172480D09800ED4C72 /* Router.swift */; };
		0442541A2480D0E900ED4C72 /* AssemblyBuilder.swift in Sources */ = {isa = PBXBuildFile; fileRef = 044254192480D0E900ED4C72 /* AssemblyBuilder.swift */; };
		04606D122486164A00AE5633 /* AddTaskPresenter.swift in Sources */ = {isa = PBXBuildFile; fileRef = 04606D112486164A00AE5633 /* AddTaskPresenter.swift */; };
		047C64F724858AA400BB6702 /* AddTaskViewController.swift in Sources */ = {isa = PBXBuildFile; fileRef = 047C64F624858AA400BB6702 /* AddTaskViewController.swift */; };
		047C64FB24858B5C00BB6702 /* AddTask.storyboard in Resources */ = {isa = PBXBuildFile; fileRef = 047C64FA24858B5C00BB6702 /* AddTask.storyboard */; };
		049B50E92483D8C200ED1581 /* SubTask.storyboard in Resources */ = {isa = PBXBuildFile; fileRef = 049B50E82483D8C200ED1581 /* SubTask.storyboard */; };
		049FB5232480157E000A7133 /* AppDelegate.swift in Sources */ = {isa = PBXBuildFile; fileRef = 049FB5222480157E000A7133 /* AppDelegate.swift */; };
		049FB5252480157E000A7133 /* SceneDelegate.swift in Sources */ = {isa = PBXBuildFile; fileRef = 049FB5242480157E000A7133 /* SceneDelegate.swift */; };
		049FB52A2480157E000A7133 /* Main.storyboard in Resources */ = {isa = PBXBuildFile; fileRef = 049FB5282480157E000A7133 /* Main.storyboard */; };
		049FB52D2480157E000A7133 /* TodoList.xcdatamodeld in Sources */ = {isa = PBXBuildFile; fileRef = 049FB52B2480157E000A7133 /* TodoList.xcdatamodeld */; };
		049FB52F24801580000A7133 /* Assets.xcassets in Resources */ = {isa = PBXBuildFile; fileRef = 049FB52E24801580000A7133 /* Assets.xcassets */; };
		049FB53224801580000A7133 /* LaunchScreen.storyboard in Resources */ = {isa = PBXBuildFile; fileRef = 049FB53024801580000A7133 /* LaunchScreen.storyboard */; };
		049FB53D24801580000A7133 /* TodoListTests.swift in Sources */ = {isa = PBXBuildFile; fileRef = 049FB53C24801580000A7133 /* TodoListTests.swift */; };
		04EFFD1324801A5F0048336E /* TaskListViewController.swift in Sources */ = {isa = PBXBuildFile; fileRef = 04EFFD1224801A5F0048336E /* TaskListViewController.swift */; };
		04EFFD1724801AC00048336E /* TaskDataProvider.swift in Sources */ = {isa = PBXBuildFile; fileRef = 04EFFD1624801AC00048336E /* TaskDataProvider.swift */; };
		04EFFD1924801AF70048336E /* TaskTransportModel.swift in Sources */ = {isa = PBXBuildFile; fileRef = 04EFFD1824801AF70048336E /* TaskTransportModel.swift */; };
		04EFFD1C24801B660048336E /* TaskListPresenter.swift in Sources */ = {isa = PBXBuildFile; fileRef = 04EFFD1B24801B660048336E /* TaskListPresenter.swift */; };
		04EFFD1F24801F680048336E /* TaskCollectionViewCell.swift in Sources */ = {isa = PBXBuildFile; fileRef = 04EFFD1E24801F680048336E /* TaskCollectionViewCell.swift */; };
		04EFFD212480317B0048336E /* SubTaskListViewController.swift in Sources */ = {isa = PBXBuildFile; fileRef = 04EFFD202480317B0048336E /* SubTaskListViewController.swift */; };
		04EFFD2624805BC80048336E /* SubTaskListPresenter.swift in Sources */ = {isa = PBXBuildFile; fileRef = 04EFFD2524805BC80048336E /* SubTaskListPresenter.swift */; };
		04EFFD2924805CAC0048336E /* SubTaskTransportModel.swift in Sources */ = {isa = PBXBuildFile; fileRef = 04EFFD2824805CAC0048336E /* SubTaskTransportModel.swift */; };
		04EFFD2D248061CA0048336E /* SubTaskCollectionViewCell.swift in Sources */ = {isa = PBXBuildFile; fileRef = 04EFFD2C248061CA0048336E /* SubTaskCollectionViewCell.swift */; };
/* End PBXBuildFile section */

/* Begin PBXContainerItemProxy section */
		049FB53924801580000A7133 /* PBXContainerItemProxy */ = {
			isa = PBXContainerItemProxy;
			containerPortal = 049FB5172480157E000A7133 /* Project object */;
			proxyType = 1;
			remoteGlobalIDString = 049FB51E2480157E000A7133;
			remoteInfo = TodoList;
		};
/* End PBXContainerItemProxy section */

/* Begin PBXFileReference section */
		041E87612484C50200876EDB /* SubTask+CoreDataClass.swift */ = {isa = PBXFileReference; lastKnownFileType = sourcecode.swift; path = "SubTask+CoreDataClass.swift"; sourceTree = "<group>"; };
		041E87622484C50200876EDB /* SubTask+CoreDataProperties.swift */ = {isa = PBXFileReference; lastKnownFileType = sourcecode.swift; path = "SubTask+CoreDataProperties.swift"; sourceTree = "<group>"; };
		041E87632484C50200876EDB /* Task+CoreDataClass.swift */ = {isa = PBXFileReference; lastKnownFileType = sourcecode.swift; path = "Task+CoreDataClass.swift"; sourceTree = "<group>"; };
		041E87642484C50200876EDB /* Task+CoreDataProperties.swift */ = {isa = PBXFileReference; lastKnownFileType = sourcecode.swift; path = "Task+CoreDataProperties.swift"; sourceTree = "<group>"; };
		041E87692484C79F00876EDB /* Repository.swift */ = {isa = PBXFileReference; lastKnownFileType = sourcecode.swift; path = Repository.swift; sourceTree = "<group>"; };
		041E876B2484C88900876EDB /* LocalTasksRepository.swift */ = {isa = PBXFileReference; lastKnownFileType = sourcecode.swift; path = LocalTasksRepository.swift; sourceTree = "<group>"; };
		041E876D2484D7C900876EDB /* LocalSubTasksRepository.swift */ = {isa = PBXFileReference; lastKnownFileType = sourcecode.swift; path = LocalSubTasksRepository.swift; sourceTree = "<group>"; };
		044254172480D09800ED4C72 /* Router.swift */ = {isa = PBXFileReference; lastKnownFileType = sourcecode.swift; path = Router.swift; sourceTree = "<group>"; };
		044254192480D0E900ED4C72 /* AssemblyBuilder.swift */ = {isa = PBXFileReference; lastKnownFileType = sourcecode.swift; path = AssemblyBuilder.swift; sourceTree = "<group>"; };
		04606D112486164A00AE5633 /* AddTaskPresenter.swift */ = {isa = PBXFileReference; lastKnownFileType = sourcecode.swift; path = AddTaskPresenter.swift; sourceTree = "<group>"; };
		047C64F624858AA400BB6702 /* AddTaskViewController.swift */ = {isa = PBXFileReference; lastKnownFileType = sourcecode.swift; path = AddTaskViewController.swift; sourceTree = "<group>"; };
		047C64FA24858B5C00BB6702 /* AddTask.storyboard */ = {isa = PBXFileReference; lastKnownFileType = file.storyboard; path = AddTask.storyboard; sourceTree = "<group>"; };
		049B50E82483D8C200ED1581 /* SubTask.storyboard */ = {isa = PBXFileReference; lastKnownFileType = file.storyboard; path = SubTask.storyboard; sourceTree = "<group>"; };
		049FB51F2480157E000A7133 /* TodoList.app */ = {isa = PBXFileReference; explicitFileType = wrapper.application; includeInIndex = 0; path = TodoList.app; sourceTree = BUILT_PRODUCTS_DIR; };
		049FB5222480157E000A7133 /* AppDelegate.swift */ = {isa = PBXFileReference; lastKnownFileType = sourcecode.swift; path = AppDelegate.swift; sourceTree = "<group>"; };
		049FB5242480157E000A7133 /* SceneDelegate.swift */ = {isa = PBXFileReference; lastKnownFileType = sourcecode.swift; path = SceneDelegate.swift; sourceTree = "<group>"; };
		049FB5292480157E000A7133 /* Base */ = {isa = PBXFileReference; lastKnownFileType = file.storyboard; name = Base; path = Base.lproj/Main.storyboard; sourceTree = "<group>"; };
		049FB52C2480157E000A7133 /* TodoList.xcdatamodel */ = {isa = PBXFileReference; lastKnownFileType = wrapper.xcdatamodel; path = TodoList.xcdatamodel; sourceTree = "<group>"; };
		049FB52E24801580000A7133 /* Assets.xcassets */ = {isa = PBXFileReference; lastKnownFileType = folder.assetcatalog; path = Assets.xcassets; sourceTree = "<group>"; };
		049FB53124801580000A7133 /* Base */ = {isa = PBXFileReference; lastKnownFileType = file.storyboard; name = Base; path = Base.lproj/LaunchScreen.storyboard; sourceTree = "<group>"; };
		049FB53324801580000A7133 /* Info.plist */ = {isa = PBXFileReference; lastKnownFileType = text.plist.xml; path = Info.plist; sourceTree = "<group>"; };
		049FB53824801580000A7133 /* TodoListTests.xctest */ = {isa = PBXFileReference; explicitFileType = wrapper.cfbundle; includeInIndex = 0; path = TodoListTests.xctest; sourceTree = BUILT_PRODUCTS_DIR; };
		049FB53C24801580000A7133 /* TodoListTests.swift */ = {isa = PBXFileReference; lastKnownFileType = sourcecode.swift; path = TodoListTests.swift; sourceTree = "<group>"; };
		049FB53E24801580000A7133 /* Info.plist */ = {isa = PBXFileReference; lastKnownFileType = text.plist.xml; path = Info.plist; sourceTree = "<group>"; };
		04EFFD1224801A5F0048336E /* TaskListViewController.swift */ = {isa = PBXFileReference; lastKnownFileType = sourcecode.swift; path = TaskListViewController.swift; sourceTree = "<group>"; };
		04EFFD1624801AC00048336E /* TaskDataProvider.swift */ = {isa = PBXFileReference; lastKnownFileType = sourcecode.swift; path = TaskDataProvider.swift; sourceTree = "<group>"; };
		04EFFD1824801AF70048336E /* TaskTransportModel.swift */ = {isa = PBXFileReference; lastKnownFileType = sourcecode.swift; path = TaskTransportModel.swift; sourceTree = "<group>"; };
		04EFFD1B24801B660048336E /* TaskListPresenter.swift */ = {isa = PBXFileReference; lastKnownFileType = sourcecode.swift; path = TaskListPresenter.swift; sourceTree = "<group>"; };
		04EFFD1E24801F680048336E /* TaskCollectionViewCell.swift */ = {isa = PBXFileReference; lastKnownFileType = sourcecode.swift; path = TaskCollectionViewCell.swift; sourceTree = "<group>"; };
		04EFFD202480317B0048336E /* SubTaskListViewController.swift */ = {isa = PBXFileReference; lastKnownFileType = sourcecode.swift; path = SubTaskListViewController.swift; sourceTree = "<group>"; };
		04EFFD2524805BC80048336E /* SubTaskListPresenter.swift */ = {isa = PBXFileReference; lastKnownFileType = sourcecode.swift; path = SubTaskListPresenter.swift; sourceTree = "<group>"; };
		04EFFD2824805CAC0048336E /* SubTaskTransportModel.swift */ = {isa = PBXFileReference; lastKnownFileType = sourcecode.swift; path = SubTaskTransportModel.swift; sourceTree = "<group>"; };
		04EFFD2C248061CA0048336E /* SubTaskCollectionViewCell.swift */ = {isa = PBXFileReference; lastKnownFileType = sourcecode.swift; path = SubTaskCollectionViewCell.swift; sourceTree = "<group>"; };
/* End PBXFileReference section */

/* Begin PBXFrameworksBuildPhase section */
		049FB51C2480157E000A7133 /* Frameworks */ = {
			isa = PBXFrameworksBuildPhase;
			buildActionMask = 2147483647;
			files = (
			);
			runOnlyForDeploymentPostprocessing = 0;
		};
		049FB53524801580000A7133 /* Frameworks */ = {
			isa = PBXFrameworksBuildPhase;
			buildActionMask = 2147483647;
			files = (
			);
			runOnlyForDeploymentPostprocessing = 0;
		};
/* End PBXFrameworksBuildPhase section */

/* Begin PBXGroup section */
		04606D132486164F00AE5633 /* Presenter */ = {
			isa = PBXGroup;
			children = (
				04606D112486164A00AE5633 /* AddTaskPresenter.swift */,
			);
			path = Presenter;
			sourceTree = "<group>";
		};
		047C64F824858AAF00BB6702 /* AddTaskViewControllerModule */ = {
			isa = PBXGroup;
			children = (
				047C64F924858ACE00BB6702 /* View */,
				04606D132486164F00AE5633 /* Presenter */,
			);
			path = AddTaskViewControllerModule;
			sourceTree = "<group>";
		};
		047C64F924858ACE00BB6702 /* View */ = {
			isa = PBXGroup;
			children = (
				047C64F624858AA400BB6702 /* AddTaskViewController.swift */,
				047C64FA24858B5C00BB6702 /* AddTask.storyboard */,
			);
			path = View;
			sourceTree = "<group>";
		};
		049A98EC2484C37400CCE654 /* Data */ = {
			isa = PBXGroup;
			children = (
				041E87612484C50200876EDB /* SubTask+CoreDataClass.swift */,
				041E87622484C50200876EDB /* SubTask+CoreDataProperties.swift */,
				041E87632484C50200876EDB /* Task+CoreDataClass.swift */,
				041E87642484C50200876EDB /* Task+CoreDataProperties.swift */,
				04EFFD1624801AC00048336E /* TaskDataProvider.swift */,
				041E87692484C79F00876EDB /* Repository.swift */,
				041E876B2484C88900876EDB /* LocalTasksRepository.swift */,
				041E876D2484D7C900876EDB /* LocalSubTasksRepository.swift */,
			);
			path = Data;
			sourceTree = "<group>";
		};
		049FB5162480157E000A7133 = {
			isa = PBXGroup;
			children = (
				049FB5212480157E000A7133 /* TodoList */,
				049FB53B24801580000A7133 /* TodoListTests */,
				049FB5202480157E000A7133 /* Products */,
			);
			sourceTree = "<group>";
		};
		049FB5202480157E000A7133 /* Products */ = {
			isa = PBXGroup;
			children = (
				049FB51F2480157E000A7133 /* TodoList.app */,
				049FB53824801580000A7133 /* TodoListTests.xctest */,
			);
			name = Products;
			sourceTree = "<group>";
		};
		049FB5212480157E000A7133 /* TodoList */ = {
			isa = PBXGroup;
			children = (
				049A98EC2484C37400CCE654 /* Data */,
				049FB5222480157E000A7133 /* AppDelegate.swift */,
				049FB5242480157E000A7133 /* SceneDelegate.swift */,
				049FB52E24801580000A7133 /* Assets.xcassets */,
				049FB53024801580000A7133 /* LaunchScreen.storyboard */,
				049FB53324801580000A7133 /* Info.plist */,
				049FB52B2480157E000A7133 /* TodoList.xcdatamodeld */,
				04EFFD1524801A720048336E /* TaskModule */,
				04EFFD22248031800048336E /* SubTaskModule */,
				044254172480D09800ED4C72 /* Router.swift */,
				044254192480D0E900ED4C72 /* AssemblyBuilder.swift */,
				047C64F824858AAF00BB6702 /* AddTaskViewControllerModule */,
			);
			path = TodoList;
			sourceTree = "<group>";
		};
		049FB53B24801580000A7133 /* TodoListTests */ = {
			isa = PBXGroup;
			children = (
				049FB53C24801580000A7133 /* TodoListTests.swift */,
				049FB53E24801580000A7133 /* Info.plist */,
			);
			path = TodoListTests;
			sourceTree = "<group>";
		};
		04EFFD1424801A660048336E /* View */ = {
			isa = PBXGroup;
			children = (
				04EFFD1224801A5F0048336E /* TaskListViewController.swift */,
				04EFFD1E24801F680048336E /* TaskCollectionViewCell.swift */,
				049FB5282480157E000A7133 /* Main.storyboard */,
			);
			path = View;
			sourceTree = "<group>";
		};
		04EFFD1524801A720048336E /* TaskModule */ = {
			isa = PBXGroup;
			children = (
				04EFFD1A24801B4D0048336E /* Model */,
				04EFFD1424801A660048336E /* View */,
				04EFFD1D24801B6D0048336E /* Presenter */,
			);
			path = TaskModule;
			sourceTree = "<group>";
		};
		04EFFD1A24801B4D0048336E /* Model */ = {
			isa = PBXGroup;
			children = (
				04EFFD1824801AF70048336E /* TaskTransportModel.swift */,
			);
			path = Model;
			sourceTree = "<group>";
		};
		04EFFD1D24801B6D0048336E /* Presenter */ = {
			isa = PBXGroup;
			children = (
				04EFFD1B24801B660048336E /* TaskListPresenter.swift */,
			);
			path = Presenter;
			sourceTree = "<group>";
		};
		04EFFD22248031800048336E /* SubTaskModule */ = {
			isa = PBXGroup;
			children = (
				04EFFD23248031940048336E /* View */,
				04EFFD2724805BCC0048336E /* Presenter */,
				04EFFD2B24805CB90048336E /* Model */,
			);
			path = SubTaskModule;
			sourceTree = "<group>";
		};
		04EFFD23248031940048336E /* View */ = {
			isa = PBXGroup;
			children = (
				04EFFD202480317B0048336E /* SubTaskListViewController.swift */,
				04EFFD2C248061CA0048336E /* SubTaskCollectionViewCell.swift */,
				049B50E82483D8C200ED1581 /* SubTask.storyboard */,
			);
			path = View;
			sourceTree = "<group>";
		};
		04EFFD2724805BCC0048336E /* Presenter */ = {
			isa = PBXGroup;
			children = (
				04EFFD2524805BC80048336E /* SubTaskListPresenter.swift */,
			);
			path = Presenter;
			sourceTree = "<group>";
		};
		04EFFD2B24805CB90048336E /* Model */ = {
			isa = PBXGroup;
			children = (
				04EFFD2824805CAC0048336E /* SubTaskTransportModel.swift */,
			);
			path = Model;
			sourceTree = "<group>";
		};
/* End PBXGroup section */

/* Begin PBXNativeTarget section */
		049FB51E2480157E000A7133 /* TodoList */ = {
			isa = PBXNativeTarget;
			buildConfigurationList = 049FB54124801580000A7133 /* Build configuration list for PBXNativeTarget "TodoList" */;
			buildPhases = (
				049FB51B2480157E000A7133 /* Sources */,
				049FB51C2480157E000A7133 /* Frameworks */,
				049FB51D2480157E000A7133 /* Resources */,
			);
			buildRules = (
			);
			dependencies = (
			);
			name = TodoList;
			productName = TodoList;
			productReference = 049FB51F2480157E000A7133 /* TodoList.app */;
			productType = "com.apple.product-type.application";
		};
		049FB53724801580000A7133 /* TodoListTests */ = {
			isa = PBXNativeTarget;
			buildConfigurationList = 049FB54424801580000A7133 /* Build configuration list for PBXNativeTarget "TodoListTests" */;
			buildPhases = (
				049FB53424801580000A7133 /* Sources */,
				049FB53524801580000A7133 /* Frameworks */,
				049FB53624801580000A7133 /* Resources */,
			);
			buildRules = (
			);
			dependencies = (
				049FB53A24801580000A7133 /* PBXTargetDependency */,
			);
			name = TodoListTests;
			productName = TodoListTests;
			productReference = 049FB53824801580000A7133 /* TodoListTests.xctest */;
			productType = "com.apple.product-type.bundle.unit-test";
		};
/* End PBXNativeTarget section */

/* Begin PBXProject section */
		049FB5172480157E000A7133 /* Project object */ = {
			isa = PBXProject;
			attributes = {
				LastSwiftUpdateCheck = 1140;
				LastUpgradeCheck = 1140;
				ORGANIZATIONNAME = "Volodymyr Mykhailiuk";
				TargetAttributes = {
					049FB51E2480157E000A7133 = {
						CreatedOnToolsVersion = 11.4.1;
					};
					049FB53724801580000A7133 = {
						CreatedOnToolsVersion = 11.4.1;
						TestTargetID = 049FB51E2480157E000A7133;
					};
				};
			};
			buildConfigurationList = 049FB51A2480157E000A7133 /* Build configuration list for PBXProject "TodoList" */;
			compatibilityVersion = "Xcode 9.3";
			developmentRegion = en;
			hasScannedForEncodings = 0;
			knownRegions = (
				en,
				Base,
			);
			mainGroup = 049FB5162480157E000A7133;
			productRefGroup = 049FB5202480157E000A7133 /* Products */;
			projectDirPath = "";
			projectRoot = "";
			targets = (
				049FB51E2480157E000A7133 /* TodoList */,
				049FB53724801580000A7133 /* TodoListTests */,
			);
		};
/* End PBXProject section */

/* Begin PBXResourcesBuildPhase section */
		049FB51D2480157E000A7133 /* Resources */ = {
			isa = PBXResourcesBuildPhase;
			buildActionMask = 2147483647;
			files = (
				049FB53224801580000A7133 /* LaunchScreen.storyboard in Resources */,
				049FB52F24801580000A7133 /* Assets.xcassets in Resources */,
				049B50E92483D8C200ED1581 /* SubTask.storyboard in Resources */,
				047C64FB24858B5C00BB6702 /* AddTask.storyboard in Resources */,
				049FB52A2480157E000A7133 /* Main.storyboard in Resources */,
			);
			runOnlyForDeploymentPostprocessing = 0;
		};
		049FB53624801580000A7133 /* Resources */ = {
			isa = PBXResourcesBuildPhase;
			buildActionMask = 2147483647;
			files = (
			);
			runOnlyForDeploymentPostprocessing = 0;
		};
/* End PBXResourcesBuildPhase section */

/* Begin PBXSourcesBuildPhase section */
		049FB51B2480157E000A7133 /* Sources */ = {
			isa = PBXSourcesBuildPhase;
			buildActionMask = 2147483647;
			files = (
				04EFFD1C24801B660048336E /* TaskListPresenter.swift in Sources */,
				04606D122486164A00AE5633 /* AddTaskPresenter.swift in Sources */,
				041E87672484C50200876EDB /* Task+CoreDataClass.swift in Sources */,
				04EFFD1F24801F680048336E /* TaskCollectionViewCell.swift in Sources */,
				041E876C2484C88900876EDB /* LocalTasksRepository.swift in Sources */,
				04EFFD212480317B0048336E /* SubTaskListViewController.swift in Sources */,
				041E87682484C50200876EDB /* Task+CoreDataProperties.swift in Sources */,
				04EFFD1724801AC00048336E /* TaskDataProvider.swift in Sources */,
				041E87652484C50200876EDB /* SubTask+CoreDataClass.swift in Sources */,
				049FB5232480157E000A7133 /* AppDelegate.swift in Sources */,
				041E87662484C50200876EDB /* SubTask+CoreDataProperties.swift in Sources */,
				0442541A2480D0E900ED4C72 /* AssemblyBuilder.swift in Sources */,
				049FB5252480157E000A7133 /* SceneDelegate.swift in Sources */,
				041E876A2484C79F00876EDB /* Repository.swift in Sources */,
				049FB52D2480157E000A7133 /* TodoList.xcdatamodeld in Sources */,
				04EFFD1924801AF70048336E /* TaskTransportModel.swift in Sources */,
				041E876E2484D7C900876EDB /* LocalSubTasksRepository.swift in Sources */,
				04EFFD2624805BC80048336E /* SubTaskListPresenter.swift in Sources */,
				047C64F724858AA400BB6702 /* AddTaskViewController.swift in Sources */,
				04EFFD1324801A5F0048336E /* TaskListViewController.swift in Sources */,
				04EFFD2D248061CA0048336E /* SubTaskCollectionViewCell.swift in Sources */,
				04EFFD2924805CAC0048336E /* SubTaskTransportModel.swift in Sources */,
				044254182480D09800ED4C72 /* Router.swift in Sources */,
			);
			runOnlyForDeploymentPostprocessing = 0;
		};
		049FB53424801580000A7133 /* Sources */ = {
			isa = PBXSourcesBuildPhase;
			buildActionMask = 2147483647;
			files = (
				049FB53D24801580000A7133 /* TodoListTests.swift in Sources */,
			);
			runOnlyForDeploymentPostprocessing = 0;
		};
/* End PBXSourcesBuildPhase section */

/* Begin PBXTargetDependency section */
		049FB53A24801580000A7133 /* PBXTargetDependency */ = {
			isa = PBXTargetDependency;
			target = 049FB51E2480157E000A7133 /* TodoList */;
			targetProxy = 049FB53924801580000A7133 /* PBXContainerItemProxy */;
		};
/* End PBXTargetDependency section */

/* Begin PBXVariantGroup section */
		049FB5282480157E000A7133 /* Main.storyboard */ = {
			isa = PBXVariantGroup;
			children = (
				049FB5292480157E000A7133 /* Base */,
			);
			name = Main.storyboard;
			sourceTree = "<group>";
		};
		049FB53024801580000A7133 /* LaunchScreen.storyboard */ = {
			isa = PBXVariantGroup;
			children = (
				049FB53124801580000A7133 /* Base */,
			);
			name = LaunchScreen.storyboard;
			sourceTree = "<group>";
		};
/* End PBXVariantGroup section */

/* Begin XCBuildConfiguration section */
		049FB53F24801580000A7133 /* Debug */ = {
			isa = XCBuildConfiguration;
			buildSettings = {
				ALWAYS_SEARCH_USER_PATHS = NO;
				CLANG_ANALYZER_NONNULL = YES;
				CLANG_ANALYZER_NUMBER_OBJECT_CONVERSION = YES_AGGRESSIVE;
				CLANG_CXX_LANGUAGE_STANDARD = "gnu++14";
				CLANG_CXX_LIBRARY = "libc++";
				CLANG_ENABLE_MODULES = YES;
				CLANG_ENABLE_OBJC_ARC = YES;
				CLANG_ENABLE_OBJC_WEAK = YES;
				CLANG_WARN_BLOCK_CAPTURE_AUTORELEASING = YES;
				CLANG_WARN_BOOL_CONVERSION = YES;
				CLANG_WARN_COMMA = YES;
				CLANG_WARN_CONSTANT_CONVERSION = YES;
				CLANG_WARN_DEPRECATED_OBJC_IMPLEMENTATIONS = YES;
				CLANG_WARN_DIRECT_OBJC_ISA_USAGE = YES_ERROR;
				CLANG_WARN_DOCUMENTATION_COMMENTS = YES;
				CLANG_WARN_EMPTY_BODY = YES;
				CLANG_WARN_ENUM_CONVERSION = YES;
				CLANG_WARN_INFINITE_RECURSION = YES;
				CLANG_WARN_INT_CONVERSION = YES;
				CLANG_WARN_NON_LITERAL_NULL_CONVERSION = YES;
				CLANG_WARN_OBJC_IMPLICIT_RETAIN_SELF = YES;
				CLANG_WARN_OBJC_LITERAL_CONVERSION = YES;
				CLANG_WARN_OBJC_ROOT_CLASS = YES_ERROR;
				CLANG_WARN_RANGE_LOOP_ANALYSIS = YES;
				CLANG_WARN_STRICT_PROTOTYPES = YES;
				CLANG_WARN_SUSPICIOUS_MOVE = YES;
				CLANG_WARN_UNGUARDED_AVAILABILITY = YES_AGGRESSIVE;
				CLANG_WARN_UNREACHABLE_CODE = YES;
				CLANG_WARN__DUPLICATE_METHOD_MATCH = YES;
				COPY_PHASE_STRIP = NO;
				DEBUG_INFORMATION_FORMAT = dwarf;
				ENABLE_STRICT_OBJC_MSGSEND = YES;
				ENABLE_TESTABILITY = YES;
				GCC_C_LANGUAGE_STANDARD = gnu11;
				GCC_DYNAMIC_NO_PIC = NO;
				GCC_NO_COMMON_BLOCKS = YES;
				GCC_OPTIMIZATION_LEVEL = 0;
				GCC_PREPROCESSOR_DEFINITIONS = (
					"DEBUG=1",
					"$(inherited)",
				);
				GCC_WARN_64_TO_32_BIT_CONVERSION = YES;
				GCC_WARN_ABOUT_RETURN_TYPE = YES_ERROR;
				GCC_WARN_UNDECLARED_SELECTOR = YES;
				GCC_WARN_UNINITIALIZED_AUTOS = YES_AGGRESSIVE;
				GCC_WARN_UNUSED_FUNCTION = YES;
				GCC_WARN_UNUSED_VARIABLE = YES;
				IPHONEOS_DEPLOYMENT_TARGET = 13.4;
				MTL_ENABLE_DEBUG_INFO = INCLUDE_SOURCE;
				MTL_FAST_MATH = YES;
				ONLY_ACTIVE_ARCH = YES;
				SDKROOT = iphoneos;
				SWIFT_ACTIVE_COMPILATION_CONDITIONS = DEBUG;
				SWIFT_OPTIMIZATION_LEVEL = "-Onone";
			};
			name = Debug;
		};
		049FB54024801580000A7133 /* Release */ = {
			isa = XCBuildConfiguration;
			buildSettings = {
				ALWAYS_SEARCH_USER_PATHS = NO;
				CLANG_ANALYZER_NONNULL = YES;
				CLANG_ANALYZER_NUMBER_OBJECT_CONVERSION = YES_AGGRESSIVE;
				CLANG_CXX_LANGUAGE_STANDARD = "gnu++14";
				CLANG_CXX_LIBRARY = "libc++";
				CLANG_ENABLE_MODULES = YES;
				CLANG_ENABLE_OBJC_ARC = YES;
				CLANG_ENABLE_OBJC_WEAK = YES;
				CLANG_WARN_BLOCK_CAPTURE_AUTORELEASING = YES;
				CLANG_WARN_BOOL_CONVERSION = YES;
				CLANG_WARN_COMMA = YES;
				CLANG_WARN_CONSTANT_CONVERSION = YES;
				CLANG_WARN_DEPRECATED_OBJC_IMPLEMENTATIONS = YES;
				CLANG_WARN_DIRECT_OBJC_ISA_USAGE = YES_ERROR;
				CLANG_WARN_DOCUMENTATION_COMMENTS = YES;
				CLANG_WARN_EMPTY_BODY = YES;
				CLANG_WARN_ENUM_CONVERSION = YES;
				CLANG_WARN_INFINITE_RECURSION = YES;
				CLANG_WARN_INT_CONVERSION = YES;
				CLANG_WARN_NON_LITERAL_NULL_CONVERSION = YES;
				CLANG_WARN_OBJC_IMPLICIT_RETAIN_SELF = YES;
				CLANG_WARN_OBJC_LITERAL_CONVERSION = YES;
				CLANG_WARN_OBJC_ROOT_CLASS = YES_ERROR;
				CLANG_WARN_RANGE_LOOP_ANALYSIS = YES;
				CLANG_WARN_STRICT_PROTOTYPES = YES;
				CLANG_WARN_SUSPICIOUS_MOVE = YES;
				CLANG_WARN_UNGUARDED_AVAILABILITY = YES_AGGRESSIVE;
				CLANG_WARN_UNREACHABLE_CODE = YES;
				CLANG_WARN__DUPLICATE_METHOD_MATCH = YES;
				COPY_PHASE_STRIP = NO;
				DEBUG_INFORMATION_FORMAT = "dwarf-with-dsym";
				ENABLE_NS_ASSERTIONS = NO;
				ENABLE_STRICT_OBJC_MSGSEND = YES;
				GCC_C_LANGUAGE_STANDARD = gnu11;
				GCC_NO_COMMON_BLOCKS = YES;
				GCC_WARN_64_TO_32_BIT_CONVERSION = YES;
				GCC_WARN_ABOUT_RETURN_TYPE = YES_ERROR;
				GCC_WARN_UNDECLARED_SELECTOR = YES;
				GCC_WARN_UNINITIALIZED_AUTOS = YES_AGGRESSIVE;
				GCC_WARN_UNUSED_FUNCTION = YES;
				GCC_WARN_UNUSED_VARIABLE = YES;
				IPHONEOS_DEPLOYMENT_TARGET = 13.4;
				MTL_ENABLE_DEBUG_INFO = NO;
				MTL_FAST_MATH = YES;
				SDKROOT = iphoneos;
				SWIFT_COMPILATION_MODE = wholemodule;
				SWIFT_OPTIMIZATION_LEVEL = "-O";
				VALIDATE_PRODUCT = YES;
			};
			name = Release;
		};
		049FB54224801580000A7133 /* Debug */ = {
			isa = XCBuildConfiguration;
			buildSettings = {
				ASSETCATALOG_COMPILER_APPICON_NAME = AppIcon;
				CODE_SIGN_STYLE = Automatic;
				DEVELOPMENT_TEAM = N2TQR994GB;
				INFOPLIST_FILE = TodoList/Info.plist;
				LD_RUNPATH_SEARCH_PATHS = (
					"$(inherited)",
					"@executable_path/Frameworks",
				);
				PRODUCT_BUNDLE_IDENTIFIER = VM.TodoList;
				PRODUCT_NAME = "$(TARGET_NAME)";
				SWIFT_VERSION = 5.0;
				TARGETED_DEVICE_FAMILY = "1,2";
			};
			name = Debug;
		};
		049FB54324801580000A7133 /* Release */ = {
			isa = XCBuildConfiguration;
			buildSettings = {
				ASSETCATALOG_COMPILER_APPICON_NAME = AppIcon;
				CODE_SIGN_STYLE = Automatic;
				DEVELOPMENT_TEAM = N2TQR994GB;
				INFOPLIST_FILE = TodoList/Info.plist;
				LD_RUNPATH_SEARCH_PATHS = (
					"$(inherited)",
					"@executable_path/Frameworks",
				);
				PRODUCT_BUNDLE_IDENTIFIER = VM.TodoList;
				PRODUCT_NAME = "$(TARGET_NAME)";
				SWIFT_VERSION = 5.0;
				TARGETED_DEVICE_FAMILY = "1,2";
			};
			name = Release;
		};
		049FB54524801580000A7133 /* Debug */ = {
			isa = XCBuildConfiguration;
			buildSettings = {
				ALWAYS_EMBED_SWIFT_STANDARD_LIBRARIES = YES;
				BUNDLE_LOADER = "$(TEST_HOST)";
				CODE_SIGN_STYLE = Automatic;
				DEVELOPMENT_TEAM = N2TQR994GB;
				INFOPLIST_FILE = TodoListTests/Info.plist;
				IPHONEOS_DEPLOYMENT_TARGET = 13.4;
				LD_RUNPATH_SEARCH_PATHS = (
					"$(inherited)",
					"@executable_path/Frameworks",
					"@loader_path/Frameworks",
				);
				PRODUCT_BUNDLE_IDENTIFIER = VM.TodoListTests;
				PRODUCT_NAME = "$(TARGET_NAME)";
				SWIFT_VERSION = 5.0;
				TARGETED_DEVICE_FAMILY = "1,2";
				TEST_HOST = "$(BUILT_PRODUCTS_DIR)/TodoList.app/TodoList";
			};
			name = Debug;
		};
		049FB54624801580000A7133 /* Release */ = {
			isa = XCBuildConfiguration;
			buildSettings = {
				ALWAYS_EMBED_SWIFT_STANDARD_LIBRARIES = YES;
				BUNDLE_LOADER = "$(TEST_HOST)";
				CODE_SIGN_STYLE = Automatic;
				DEVELOPMENT_TEAM = N2TQR994GB;
				INFOPLIST_FILE = TodoListTests/Info.plist;
				IPHONEOS_DEPLOYMENT_TARGET = 13.4;
				LD_RUNPATH_SEARCH_PATHS = (
					"$(inherited)",
					"@executable_path/Frameworks",
					"@loader_path/Frameworks",
				);
				PRODUCT_BUNDLE_IDENTIFIER = VM.TodoListTests;
				PRODUCT_NAME = "$(TARGET_NAME)";
				SWIFT_VERSION = 5.0;
				TARGETED_DEVICE_FAMILY = "1,2";
				TEST_HOST = "$(BUILT_PRODUCTS_DIR)/TodoList.app/TodoList";
			};
			name = Release;
		};
/* End XCBuildConfiguration section */

/* Begin XCConfigurationList section */
		049FB51A2480157E000A7133 /* Build configuration list for PBXProject "TodoList" */ = {
			isa = XCConfigurationList;
			buildConfigurations = (
				049FB53F24801580000A7133 /* Debug */,
				049FB54024801580000A7133 /* Release */,
			);
			defaultConfigurationIsVisible = 0;
			defaultConfigurationName = Release;
		};
		049FB54124801580000A7133 /* Build configuration list for PBXNativeTarget "TodoList" */ = {
			isa = XCConfigurationList;
			buildConfigurations = (
				049FB54224801580000A7133 /* Debug */,
				049FB54324801580000A7133 /* Release */,
			);
			defaultConfigurationIsVisible = 0;
			defaultConfigurationName = Release;
		};
		049FB54424801580000A7133 /* Build configuration list for PBXNativeTarget "TodoListTests" */ = {
			isa = XCConfigurationList;
			buildConfigurations = (
				049FB54524801580000A7133 /* Debug */,
				049FB54624801580000A7133 /* Release */,
			);
			defaultConfigurationIsVisible = 0;
			defaultConfigurationName = Release;
		};
/* End XCConfigurationList section */

/* Begin XCVersionGroup section */
		049FB52B2480157E000A7133 /* TodoList.xcdatamodeld */ = {
			isa = XCVersionGroup;
			children = (
				049FB52C2480157E000A7133 /* TodoList.xcdatamodel */,
			);
			currentVersion = 049FB52C2480157E000A7133 /* TodoList.xcdatamodel */;
			path = TodoList.xcdatamodeld;
			sourceTree = "<group>";
			versionGroupType = wrapper.xcdatamodel;
		};
/* End XCVersionGroup section */
	};
	rootObject = 049FB5172480157E000A7133 /* Project object */;
}
